// !$*UTF8*$!
{
	archiveVersion = 1;
	classes = {
	};
	objectVersion = 46;
	objects = {

/* Begin PBXBuildFile section */
		55EB0F2A1CD0560600142154 /* Access.h in Headers */ = {isa = PBXBuildFile; fileRef = 55EB0F291CD0560600142154 /* Access.h */; settings = {ATTRIBUTES = (Public, ); }; };
		55EB0F411CD0575600142154 /* Access.swift in Sources */ = {isa = PBXBuildFile; fileRef = 55EB0F401CD0575600142154 /* Access.swift */; };
		55EB0F431CD0592700142154 /* AnnouncementListener.swift in Sources */ = {isa = PBXBuildFile; fileRef = 55EB0F421CD0592700142154 /* AnnouncementListener.swift */; };
		55EB0F451CD05FFC00142154 /* UIView+AccessFocus.swift in Sources */ = {isa = PBXBuildFile; fileRef = 55EB0F441CD05FFC00142154 /* UIView+AccessFocus.swift */; };
/* End PBXBuildFile section */

/* Begin PBXFileReference section */
		55EB0F261CD0560600142154 /* Access.framework */ = {isa = PBXFileReference; explicitFileType = wrapper.framework; includeInIndex = 0; path = Access.framework; sourceTree = BUILT_PRODUCTS_DIR; };
		55EB0F291CD0560600142154 /* Access.h */ = {isa = PBXFileReference; lastKnownFileType = sourcecode.c.h; path = Access.h; sourceTree = "<group>"; };
		55EB0F2B1CD0560600142154 /* Info.plist */ = {isa = PBXFileReference; lastKnownFileType = text.plist.xml; path = Info.plist; sourceTree = "<group>"; };
		55EB0F401CD0575600142154 /* Access.swift */ = {isa = PBXFileReference; fileEncoding = 4; lastKnownFileType = sourcecode.swift; path = Access.swift; sourceTree = "<group>"; };
		55EB0F421CD0592700142154 /* AnnouncementListener.swift */ = {isa = PBXFileReference; fileEncoding = 4; lastKnownFileType = sourcecode.swift; path = AnnouncementListener.swift; sourceTree = "<group>"; };
		55EB0F441CD05FFC00142154 /* UIView+AccessFocus.swift */ = {isa = PBXFileReference; fileEncoding = 4; lastKnownFileType = sourcecode.swift; path = "UIView+AccessFocus.swift"; sourceTree = "<group>"; };
/* End PBXFileReference section */

/* Begin PBXFrameworksBuildPhase section */
		55EB0F221CD0560600142154 /* Frameworks */ = {
			isa = PBXFrameworksBuildPhase;
			buildActionMask = 2147483647;
			files = (
			);
			runOnlyForDeploymentPostprocessing = 0;
		};
/* End PBXFrameworksBuildPhase section */

/* Begin PBXGroup section */
		55EB0F1C1CD0560600142154 = {
			isa = PBXGroup;
			children = (
				55EB0F281CD0560600142154 /* Access */,
				55EB0F271CD0560600142154 /* Products */,
			);
			sourceTree = "<group>";
		};
		55EB0F271CD0560600142154 /* Products */ = {
			isa = PBXGroup;
			children = (
				55EB0F261CD0560600142154 /* Access.framework */,
			);
			name = Products;
			sourceTree = "<group>";
		};
		55EB0F281CD0560600142154 /* Access */ = {
			isa = PBXGroup;
			children = (
				55EB0F291CD0560600142154 /* Access.h */,
				55EB0F401CD0575600142154 /* Access.swift */,
				55EB0F421CD0592700142154 /* AnnouncementListener.swift */,
				55EB0F441CD05FFC00142154 /* UIView+AccessFocus.swift */,
				55EB0F2B1CD0560600142154 /* Info.plist */,
			);
			path = Access;
			sourceTree = "<group>";
		};
/* End PBXGroup section */

/* Begin PBXHeadersBuildPhase section */
		55EB0F231CD0560600142154 /* Headers */ = {
			isa = PBXHeadersBuildPhase;
			buildActionMask = 2147483647;
			files = (
				55EB0F2A1CD0560600142154 /* Access.h in Headers */,
			);
			runOnlyForDeploymentPostprocessing = 0;
		};
/* End PBXHeadersBuildPhase section */

/* Begin PBXNativeTarget section */
		55EB0F251CD0560600142154 /* Access */ = {
			isa = PBXNativeTarget;
			buildConfigurationList = 55EB0F3A1CD0560700142154 /* Build configuration list for PBXNativeTarget "Access" */;
			buildPhases = (
				55EB0F211CD0560600142154 /* Sources */,
				55EB0F221CD0560600142154 /* Frameworks */,
				55EB0F231CD0560600142154 /* Headers */,
				55EB0F241CD0560600142154 /* Resources */,
			);
			buildRules = (
			);
			dependencies = (
			);
			name = Access;
			productName = Access;
			productReference = 55EB0F261CD0560600142154 /* Access.framework */;
			productType = "com.apple.product-type.framework";
		};
/* End PBXNativeTarget section */

/* Begin PBXProject section */
		55EB0F1D1CD0560600142154 /* Project object */ = {
			isa = PBXProject;
			attributes = {
				LastSwiftUpdateCheck = 0730;
				LastUpgradeCheck = 0730;
				ORGANIZATIONNAME = tinfish;
				TargetAttributes = {
					55EB0F251CD0560600142154 = {
						CreatedOnToolsVersion = 7.3;
					};
				};
			};
			buildConfigurationList = 55EB0F201CD0560600142154 /* Build configuration list for PBXProject "Access" */;
			compatibilityVersion = "Xcode 3.2";
			developmentRegion = English;
			hasScannedForEncodings = 0;
			knownRegions = (
				en,
			);
			mainGroup = 55EB0F1C1CD0560600142154;
			productRefGroup = 55EB0F271CD0560600142154 /* Products */;
			projectDirPath = "";
			projectRoot = "";
			targets = (
				55EB0F251CD0560600142154 /* Access */,
			);
		};
/* End PBXProject section */

/* Begin PBXResourcesBuildPhase section */
		55EB0F241CD0560600142154 /* Resources */ = {
			isa = PBXResourcesBuildPhase;
			buildActionMask = 2147483647;
			files = (
			);
			runOnlyForDeploymentPostprocessing = 0;
		};
/* End PBXResourcesBuildPhase section */

/* Begin PBXSourcesBuildPhase section */
		55EB0F211CD0560600142154 /* Sources */ = {
			isa = PBXSourcesBuildPhase;
			buildActionMask = 2147483647;
			files = (
				55EB0F451CD05FFC00142154 /* UIView+AccessFocus.swift in Sources */,
				55EB0F431CD0592700142154 /* AnnouncementListener.swift in Sources */,
				55EB0F411CD0575600142154 /* Access.swift in Sources */,
			);
			runOnlyForDeploymentPostprocessing = 0;
		};
/* End PBXSourcesBuildPhase section */

/* Begin XCBuildConfiguration section */
		55EB0F381CD0560700142154 /* Debug */ = {
			isa = XCBuildConfiguration;
			buildSettings = {
				ALWAYS_SEARCH_USER_PATHS = NO;
				CLANG_ANALYZER_NONNULL = YES;
				CLANG_CXX_LANGUAGE_STANDARD = "gnu++0x";
				CLANG_CXX_LIBRARY = "libc++";
				CLANG_ENABLE_MODULES = YES;
				CLANG_ENABLE_OBJC_ARC = YES;
				CLANG_WARN_BOOL_CONVERSION = YES;
				CLANG_WARN_CONSTANT_CONVERSION = YES;
				CLANG_WARN_DIRECT_OBJC_ISA_USAGE = YES_ERROR;
				CLANG_WARN_EMPTY_BODY = YES;
				CLANG_WARN_ENUM_CONVERSION = YES;
				CLANG_WARN_INT_CONVERSION = YES;
				CLANG_WARN_OBJC_ROOT_CLASS = YES_ERROR;
				CLANG_WARN_UNREACHABLE_CODE = YES;
				CLANG_WARN__DUPLICATE_METHOD_MATCH = YES;
				"CODE_SIGN_IDENTITY[sdk=iphoneos*]" = "iPhone Developer";
				COPY_PHASE_STRIP = NO;
				CURRENT_PROJECT_VERSION = 1;
				DEBUG_INFORMATION_FORMAT = dwarf;
				ENABLE_STRICT_OBJC_MSGSEND = YES;
				ENABLE_TESTABILITY = YES;
				GCC_C_LANGUAGE_STANDARD = gnu99;
				GCC_DYNAMIC_NO_PIC = NO;
				GCC_NO_COMMON_BLOCKS = YES;
				GCC_OPTIMIZATION_LEVEL = 0;
				GCC_PREPROCESSOR_DEFINITIONS = (
					"DEBUG=1",
					"$(inherited)",
				);
				GCC_WARN_64_TO_32_BIT_CONVERSION = YES;
				GCC_WARN_ABOUT_RETURN_TYPE = YES_ERROR;
				GCC_WARN_UNDECLARED_SELECTOR = YES;
				GCC_WARN_UNINITIALIZED_AUTOS = YES_AGGRESSIVE;
				GCC_WARN_UNUSED_FUNCTION = YES;
				GCC_WARN_UNUSED_VARIABLE = YES;
				IPHONEOS_DEPLOYMENT_TARGET = 9.3;
				MTL_ENABLE_DEBUG_INFO = YES;
				ONLY_ACTIVE_ARCH = YES;
				SDKROOT = iphoneos;
				SWIFT_OPTIMIZATION_LEVEL = "-Onone";
				TARGETED_DEVICE_FAMILY = "1,2";
				VERSIONING_SYSTEM = "apple-generic";
				VERSION_INFO_PREFIX = "";
			};
			name = Debug;
		};
		55EB0F391CD0560700142154 /* Release */ = {
			isa = XCBuildConfiguration;
			buildSettings = {
				ALWAYS_SEARCH_USER_PATHS = NO;
				CLANG_ANALYZER_NONNULL = YES;
				CLANG_CXX_LANGUAGE_STANDARD = "gnu++0x";
				CLANG_CXX_LIBRARY = "libc++";
				CLANG_ENABLE_MODULES = YES;
				CLANG_ENABLE_OBJC_ARC = YES;
				CLANG_WARN_BOOL_CONVERSION = YES;
				CLANG_WARN_CONSTANT_CONVERSION = YES;
				CLANG_WARN_DIRECT_OBJC_ISA_USAGE = YES_ERROR;
				CLANG_WARN_EMPTY_BODY = YES;
				CLANG_WARN_ENUM_CONVERSION = YES;
				CLANG_WARN_INT_CONVERSION = YES;
				CLANG_WARN_OBJC_ROOT_CLASS = YES_ERROR;
				CLANG_WARN_UNREACHABLE_CODE = YES;
				CLANG_WARN__DUPLICATE_METHOD_MATCH = YES;
				"CODE_SIGN_IDENTITY[sdk=iphoneos*]" = "iPhone Developer";
				COPY_PHASE_STRIP = NO;
				CURRENT_PROJECT_VERSION = 1;
				DEBUG_INFORMATION_FORMAT = "dwarf-with-dsym";
				ENABLE_NS_ASSERTIONS = NO;
				ENABLE_STRICT_OBJC_MSGSEND = YES;
				GCC_C_LANGUAGE_STANDARD = gnu99;
				GCC_NO_COMMON_BLOCKS = YES;
				GCC_WARN_64_TO_32_BIT_CONVERSION = YES;
				GCC_WARN_ABOUT_RETURN_TYPE = YES_ERROR;
				GCC_WARN_UNDECLARED_SELECTOR = YES;
				GCC_WARN_UNINITIALIZED_AUTOS = YES_AGGRESSIVE;
				GCC_WARN_UNUSED_FUNCTION = YES;
				GCC_WARN_UNUSED_VARIABLE = YES;
				IPHONEOS_DEPLOYMENT_TARGET = 9.3;
				MTL_ENABLE_DEBUG_INFO = NO;
				SDKROOT = iphoneos;
				TARGETED_DEVICE_FAMILY = "1,2";
				VALIDATE_PRODUCT = YES;
				VERSIONING_SYSTEM = "apple-generic";
				VERSION_INFO_PREFIX = "";
			};
			name = Release;
		};
		55EB0F3B1CD0560700142154 /* Debug */ = {
			isa = XCBuildConfiguration;
			buildSettings = {
				CLANG_ENABLE_MODULES = YES;
				DEFINES_MODULE = YES;
				DYLIB_COMPATIBILITY_VERSION = 1;
				DYLIB_CURRENT_VERSION = 1;
				DYLIB_INSTALL_NAME_BASE = "@rpath";
				INFOPLIST_FILE = Access/Info.plist;
				INSTALL_PATH = "$(LOCAL_LIBRARY_DIR)/Frameworks";
				LD_RUNPATH_SEARCH_PATHS = "$(inherited) @executable_path/Frameworks @loader_path/Frameworks";
				PRODUCT_BUNDLE_IDENTIFIER = com.tinfish.Access;
				PRODUCT_NAME = "$(TARGET_NAME)";
				SKIP_INSTALL = YES;
				SWIFT_OPTIMIZATION_LEVEL = "-Onone";
			};
			name = Debug;
		};
		55EB0F3C1CD0560700142154 /* Release */ = {
			isa = XCBuildConfiguration;
			buildSettings = {
				CLANG_ENABLE_MODULES = YES;
				DEFINES_MODULE = YES;
				DYLIB_COMPATIBILITY_VERSION = 1;
				DYLIB_CURRENT_VERSION = 1;
				DYLIB_INSTALL_NAME_BASE = "@rpath";
				INFOPLIST_FILE = Access/Info.plist;
				INSTALL_PATH = "$(LOCAL_LIBRARY_DIR)/Frameworks";
				LD_RUNPATH_SEARCH_PATHS = "$(inherited) @executable_path/Frameworks @loader_path/Frameworks";
				PRODUCT_BUNDLE_IDENTIFIER = com.tinfish.Access;
				PRODUCT_NAME = "$(TARGET_NAME)";
				SKIP_INSTALL = YES;
			};
			name = Release;
		};
/* End XCBuildConfiguration section */

/* Begin XCConfigurationList section */
		55EB0F201CD0560600142154 /* Build configuration list for PBXProject "Access" */ = {
			isa = XCConfigurationList;
			buildConfigurations = (
				55EB0F381CD0560700142154 /* Debug */,
				55EB0F391CD0560700142154 /* Release */,
			);
			defaultConfigurationIsVisible = 0;
			defaultConfigurationName = Release;
		};
		55EB0F3A1CD0560700142154 /* Build configuration list for PBXNativeTarget "Access" */ = {
			isa = XCConfigurationList;
			buildConfigurations = (
				55EB0F3B1CD0560700142154 /* Debug */,
				55EB0F3C1CD0560700142154 /* Release */,
			);
			defaultConfigurationIsVisible = 0;
		};
/* End XCConfigurationList section */
	};
	rootObject = 55EB0F1D1CD0560600142154 /* Project object */;
}
